# This file is generated by craft.
version = 1
manifest = "Craft.toml"
manifest-digest = "fnv1a64:8acb37c03c47d86b"

[[package]]
id = "bitio 0.1.0 root"
name = "bitio"
version = "0.1.0"
source = "root"
manifest = "Craft.toml"
manifest-digest = "fnv1a64:8acb37c03c47d86b"

[[package-target]]
package = "bitio 0.1.0 root"
kind = "lib"
root = "src/lib.kn"

[[package-target]]
package = "bitio 0.1.0 root"
kind = "test"
name = "smoke"
root = "tests/smoke.kn"

[[package-target]]
package = "bitio 0.1.0 root"
kind = "test"
name = "api_compile"
root = "tests/api_compile.kn"

[[publish-proof]]
package-id = "bitio 0.1.0 root"
path = "."
package = "bitio"
version = "0.1.0"
kern = "0.7.7"
description = "Bit-level protocol and codec utilities for Kern"
license = "MIT"
authors = ["softfault <givenyoung46@gmail.com>"]
readme = "README.md"
repository = "https://github.com/kern-project/bitio-kern.git"
manifest-sha256 = "sha256:96df52a22af100b08db7669548e3d4f939bb798ffec1d19d9b8ff63fa522707c"
source-sha256 = "sha256:3667731262dbac8abe507789ec9bc7a607cf2ad7306639c36c117cdcf9b1414f"
