# This file is generated by craft.
version = 1
manifest = "Craft.toml"
manifest-digest = "fnv1a64:794a33aec4c640ba"

[[package]]
id = "bitio 0.1.0 root"
name = "bitio"
version = "0.1.0"
source = "root"
manifest = "Craft.toml"
manifest-digest = "fnv1a64:794a33aec4c640ba"

[[package-target]]
package = "bitio 0.1.0 root"
kind = "lib"
root = "src/lib.kn"

[[package-target]]
package = "bitio 0.1.0 root"
kind = "test"
name = "smoke"
root = "tests/smoke.kn"

[[package-target]]
package = "bitio 0.1.0 root"
kind = "test"
name = "api_compile"
root = "tests/api_compile.kn"

[[publish-proof]]
package-id = "bitio 0.1.0 root"
path = "."
package = "bitio"
version = "0.1.0"
kern = "0.7.6"
description = "Bit-level protocol and codec utilities for Kern"
license = "MIT"
authors = ["softfault <givenyoung46@gmail.com>"]
readme = "README.md"
repository = "https://github.com/kern-project/bitio-kern.git"
manifest-sha256 = "sha256:1b7933dde1aa19405466112e124082c3d83a470a6436b418cd43e02fa6a69330"
source-sha256 = "sha256:3f44cd286a333cd047de6e1b92409f3a58ea3eceda769bccf3baca1b758f1403"
