# This file is generated by craft.
version = 1
manifest = "Craft.toml"
manifest-digest = "fnv1a64:02f5c54630462e5a"

[[package]]
id = "bitio 0.1.0 root"
name = "bitio"
version = "0.1.0"
source = "root"
manifest = "Craft.toml"
manifest-digest = "fnv1a64:02f5c54630462e5a"

[[package-target]]
package = "bitio 0.1.0 root"
kind = "lib"
root = "src/lib.kn"

[[package-target]]
package = "bitio 0.1.0 root"
kind = "test"
name = "smoke"
root = "tests/smoke.kn"

[[package-target]]
package = "bitio 0.1.0 root"
kind = "test"
name = "api_compile"
root = "tests/api_compile.kn"

[[publish-proof]]
package-id = "bitio 0.1.0 root"
package = "bitio"
version = "0.1.0"
kern = "0.7.6"
repository = "https://github.com/softfault/bitio-kern.git"
manifest-sha256 = "sha256:421a128016b526e914d3fd32fbb8fa4afcd69b6383a87ffdd29005c19338f66b"
source-sha256 = "sha256:82aecc46452d81baa5e887ae71622deac661a1d7bbb35cc26d804a5a317601de"
